{
  "name": "client",
  "version": "1.0.0",
  "lockfileVersion": 3,
  "requires": true,
  "packages": {
    "": {
      "name": "client",
      "version": "1.0.0",
      "dependencies": {
        "felte": "^1.3.0",
        "ky": "^1.13.0",
        "svelte": "^5.42.2"
      },
      "devDependencies": {
        "@rsbuild/core": "^1.6.0",
        "@rsbuild/plugin-svelte": "^1.0.11",
        "svelte-check": "^4.3.3",
        "typescript": "^5.9.3"
      }
    },
    "node_modules/@emnapi/core": {
      "version": "1.6.0",
      "resolved": "https://registry.npmjs.org/@emnapi/core/-/core-1.6.0.tgz",
      "integrity": "sha512-zq/ay+9fNIJJtJiZxdTnXS20PllcYMX3OE23ESc4HK/bdYu3cOWYVhsOhVnXALfU/uqJIxn5NBPd9z4v+SfoSg==",
      "dev": true,
      "license": "MIT",
      "optional": true,
      "dependencies": {
        "@emnapi/wasi-threads": "1.1.0",
        "tslib": "^2.4.0"
      }
    },
    "node_modules/@emnapi/runtime": {
      "version": "1.6.0",
      "resolved": "https://registry.npmjs.org/@emnapi/runtime/-/runtime-1.6.0.tgz",
      "integrity": "sha512-obtUmAHTMjll499P+D9A3axeJFlhdjOWdKUNs/U6QIGT7V5RjcUW1xToAzjvmgTSQhDbYn/NwfTRoJcQ2rNBxA==",
      "dev": true,
      "license": "MIT",
      "optional": true,
      "dependencies": {
        "tslib": "^2.4.0"
      }
    },
    "node_modules/@emnapi/wasi-threads": {
      "version": "1.1.0",
      "resolved": "https://registry.npmjs.org/@emnapi/wasi-threads/-/wasi-threads-1.1.0.tgz",
      "integrity": "sha512-WI0DdZ8xFSbgMjR1sFsKABJ/C5OnRrjT06JXbZKexJGrDuPTzZdDYfFlsgcCXCyf+suG5QU2e/y1Wo2V/OapLQ==",
      "dev": true,
      "license": "MIT",
      "optional": true,
      "dependencies": {
        "tslib": "^2.4.0"
      }
    },
    "node_modules/@felte/common": {
      "version": "1.1.9",
      "resolved": "https://registry.npmjs.org/@felte/common/-/common-1.1.9.tgz",
      "integrity": "sha512-d9e9M5FWc7AyaX/fb2I78AvwIAAA6S8ncKoTd3vYdPGQfgryl18oMU+ScM1WgFnbOBSoItdt61oaZAuRqfE4AA==",
      "license": "MIT",
      "engines": {
        "node": "^12.20.0 || ^14.13.1 || >=16.0.0"
      }
    },
    "node_modules/@felte/core": {
      "version": "1.4.4",
      "resolved": "https://registry.npmjs.org/@felte/core/-/core-1.4.4.tgz",
      "integrity": "sha512-qXEofmfc0tKvd1MOP9T1ixoI4+u0ZcUtC7JpBfb2A/lr/mhc8HrkvVWGatrGBnNovTc4lgIKWOySVVFswa4BYg==",
      "license": "MIT",
      "dependencies": {
        "@felte/common": "1.1.9"
      },
      "engines": {
        "node": "^12.20.0 || ^14.13.1 || >=16.0.0"
      }
    },
    "node_modules/@jridgewell/gen-mapping": {
      "version": "0.3.13",
      "resolved": "https://registry.npmjs.org/@jridgewell/gen-mapping/-/gen-mapping-0.3.13.tgz",
      "integrity": "sha512-2kkt/7niJ6MgEPxF0bYdQ6etZaA+fQvDcLKckhy1yIQOzaoKjBBjSj63/aLVjYE3qhRt5dvM+uUyfCg6UKCBbA==",
      "license": "MIT",
      "dependencies": {
        "@jridgewell/sourcemap-codec": "^1.5.0",
        "@jridgewell/trace-mapping": "^0.3.24"
      }
    },
    "node_modules/@jridgewell/remapping": {
      "version": "2.3.5",
      "resolved": "https://registry.npmjs.org/@jridgewell/remapping/-/remapping-2.3.5.tgz",
      "integrity": "sha512-LI9u/+laYG4Ds1TDKSJW2YPrIlcVYOwi2fUC6xB43lueCjgxV4lffOCZCtYFiH6TNOX+tQKXx97T4IKHbhyHEQ==",
      "license": "MIT",
      "dependencies": {
        "@jridgewell/gen-mapping": "^0.3.5",
        "@jridgewell/trace-mapping": "^0.3.24"
      }
    },
    "node_modules/@jridgewell/resolve-uri": {
      "version": "3.1.2",
      "resolved": "https://registry.npmjs.org/@jridgewell/resolve-uri/-/resolve-uri-3.1.2.tgz",
      "integrity": "sha512-bRISgCIjP20/tbWSPWMEi54QVPRZExkuD9lJL+UIxUKtwVJA8wW1Trb1jMs1RFXo1CBTNZ/5hpC9QvmKWdopKw==",
      "license": "MIT",
      "engines": {
        "node": ">=6.0.0"
      }
    },
    "node_modules/@jridgewell/sourcemap-codec": {
      "version": "1.5.5",
      "resolved": "https://registry.npmjs.org/@jridgewell/sourcemap-codec/-/sourcemap-codec-1.5.5.tgz",
      "integrity": "sha512-cYQ9310grqxueWbl+WuIUIaiUaDcj7WOq5fVhEljNVgRfOUhY9fy2zTvfoqWsnebh8Sl70VScFbICvJnLKB0Og==",
      "license": "MIT"
    },
    "node_modules/@jridgewell/trace-mapping": {
      "version": "0.3.31",
      "resolved": "https://registry.npmjs.org/@jridgewell/trace-mapping/-/trace-mapping-0.3.31.tgz",
      "integrity": "sha512-zzNR+SdQSDJzc8joaeP8QQoCQr8NuYx2dIIytl1QeBEZHJ9uW6hebsrYgbz8hJwUQao3TWCMtmfV8Nu1twOLAw==",
      "license": "MIT",
      "dependencies": {
        "@jridgewell/resolve-uri": "^3.1.0",
        "@jridgewell/sourcemap-codec": "^1.4.14"
      }
    },
    "node_modules/@module-federation/error-codes": {
      "version": "0.21.2",
      "resolved": "https://registry.npmjs.org/@module-federation/error-codes/-/error-codes-0.21.2.tgz",
      "integrity": "sha512-mGbPAAApgjmQUl4J7WAt20aV04a26TyS21GDEpOGXFEQG5FqmZnSJ6FqB8K19HgTKioBT1+fF/Ctl5bGGao/EA==",
      "dev": true,
      "license": "MIT"
    },
    "node_modules/@module-federation/runtime": {
      "version": "0.21.2",
      "resolved": "https://registry.npmjs.org/@module-federation/runtime/-/runtime-0.21.2.tgz",
      "integrity": "sha512-97jlOx4RAnAHMBTfgU5FBK6+V/pfT6GNX0YjSf8G+uJ3lFy74Y6kg/BevEkChTGw5waCLAkw/pw4LmntYcNN7g==",
      "dev": true,
      "license": "MIT",
      "dependencies": {
        "@module-federation/error-codes": "0.21.2",
        "@module-federation/runtime-core": "0.21.2",
        "@module-federation/sdk": "0.21.2"
      }
    },
    "node_modules/@module-federation/runtime-core": {
      "version": "0.21.2",
      "resolved": "https://registry.npmjs.org/@module-federation/runtime-core/-/runtime-core-0.21.2.tgz",
      "integrity": "sha512-LtDnccPxjR8Xqa3daRYr1cH/6vUzK3mQSzgvnfsUm1fXte5syX4ftWw3Eu55VdqNY3yREFRn77AXdu9PfPEZRw==",
      "dev": true,
      "license": "MIT",
      "dependencies": {
        "@module-federation/error-codes": "0.21.2",
        "@module-federation/sdk": "0.21.2"
      }
    },
    "node_modules/@module-federation/runtime-tools": {
      "version": "0.21.2",
      "resolved": "https://registry.npmjs.org/@module-federation/runtime-tools/-/runtime-tools-0.21.2.tgz",
      "integrity": "sha512-SgG9NWTYGNYcHSd5MepO3AXf6DNXriIo4sKKM4mu4RqfYhHyP+yNjnF/gvYJl52VD61g0nADmzLWzBqxOqk2tg==",
      "dev": true,
      "license": "MIT",
      "dependencies": {
        "@module-federation/runtime": "0.21.2",
        "@module-federation/webpack-bundler-runtime": "0.21.2"
      }
    },
    "node_modules/@module-federation/sdk": {
      "version": "0.21.2",
      "resolved": "https://registry.npmjs.org/@module-federation/sdk/-/sdk-0.21.2.tgz",
      "integrity": "sha512-t2vHSJ1a9zjg7LLJoEghcytNLzeFCqOat5TbXTav5dgU0xXw82Cf0EfLrxiJL6uUpgbtyvUdqqa2DVAvMPjiiA==",
      "dev": true,
      "license": "MIT"
    },
    "node_modules/@module-federation/webpack-bundler-runtime": {
      "version": "0.21.2",
      "resolved": "https://registry.npmjs.org/@module-federation/webpack-bundler-runtime/-/webpack-bundler-runtime-0.21.2.tgz",
      "integrity": "sha512-06R/NDY6Uh5RBIaBOFwYWzJCf1dIiQd/DFHToBVhejUT3ZFG7GzHEPIIsAGqMzne/JSmVsvjlXiJu7UthQ6rFA==",
      "dev": true,
      "license": "MIT",
      "dependencies": {
        "@module-federation/runtime": "0.21.2",
        "@module-federation/sdk": "0.21.2"
      }
    },
    "node_modules/@napi-rs/wasm-runtime": {
      "version": "1.0.7",
      "resolved": "https://registry.npmjs.org/@napi-rs/wasm-runtime/-/wasm-runtime-1.0.7.tgz",
      "integrity": "sha512-SeDnOO0Tk7Okiq6DbXmmBODgOAb9dp9gjlphokTUxmt8U3liIP1ZsozBahH69j/RJv+Rfs6IwUKHTgQYJ/HBAw==",
      "dev": true,
      "license": "MIT",
      "optional": true,
      "dependencies": {
        "@emnapi/core": "^1.5.0",
        "@emnapi/runtime": "^1.5.0",
        "@tybys/wasm-util": "^0.10.1"
      }
    },
    "node_modules/@rsbuild/core": {
      "version": "1.6.0",
      "resolved": "https://registry.npmjs.org/@rsbuild/core/-/core-1.6.0.tgz",
      "integrity": "sha512-3kysx0OFRFdSho58mOwVBpk0MFDpn6DzcwIa/zywJWYJ1zUAcA9xPmubq7WjkaYsNMjSEisnEi4pz1LwTw9ZhA==",
      "dev": true,
      "license": "MIT",
      "dependencies": {
        "@rspack/core": "1.6.0",
        "@rspack/lite-tapable": "~1.0.1",
        "@swc/helpers": "^0.5.17",
        "core-js": "~3.46.0",
        "jiti": "^2.6.1"
      },
      "bin": {
        "rsbuild": "bin/rsbuild.js"
      },
      "engines": {
        "node": ">=18.12.0"
      }
    },
    "node_modules/@rsbuild/plugin-svelte": {
      "version": "1.0.11",
      "resolved": "https://registry.npmjs.org/@rsbuild/plugin-svelte/-/plugin-svelte-1.0.11.tgz",
      "integrity": "sha512-ThmBSTMILWDB+i/P61hgw76UnmFnv7WYYZMjcwqxUXEKM3zobL5jdtEj56wN8yn/xadStM0INjNjHWTf5E7kIQ==",
      "dev": true,
      "license": "MIT",
      "dependencies": {
        "svelte-loader": "3.2.4",
        "svelte-preprocess": "^6.0.3"
      },
      "peerDependencies": {
        "@rsbuild/core": "1.x"
      }
    },
    "node_modules/@rspack/binding": {
      "version": "1.6.0",
      "resolved": "https://registry.npmjs.org/@rspack/binding/-/binding-1.6.0.tgz",
      "integrity": "sha512-RqlCjvWg/LkJjHpsbI48ebo2SYpIBJsV1eh9SEMfXo1batAPvB5grhAbLX0MRUOtzuQOnZMCDGdr2v7l2L8Siw==",
      "dev": true,
      "license": "MIT",
      "optionalDependencies": {
        "@rspack/binding-darwin-arm64": "1.6.0",
        "@rspack/binding-darwin-x64": "1.6.0",
        "@rspack/binding-linux-arm64-gnu": "1.6.0",
        "@rspack/binding-linux-arm64-musl": "1.6.0",
        "@rspack/binding-linux-x64-gnu": "1.6.0",
        "@rspack/binding-linux-x64-musl": "1.6.0",
        "@rspack/binding-wasm32-wasi": "1.6.0",
        "@rspack/binding-win32-arm64-msvc": "1.6.0",
        "@rspack/binding-win32-ia32-msvc": "1.6.0",
        "@rspack/binding-win32-x64-msvc": "1.6.0"
      }
    },
    "node_modules/@rspack/binding-darwin-arm64": {
      "version": "1.6.0",
      "resolved": "https://registry.npmjs.org/@rspack/binding-darwin-arm64/-/binding-darwin-arm64-1.6.0.tgz",
      "integrity": "sha512-IrigOWnGvQgugsTZgf3dB5uko+y+lkNLYg/8w0DiobxkWhpLO97RAeR1w0ofIPXYVu3UWVf7dgHj3PjTqjC9Tw==",
      "cpu": [
        "arm64"
      ],
      "dev": true,
      "license": "MIT",
      "optional": true,
      "os": [
        "darwin"
      ]
    },
    "node_modules/@rspack/binding-darwin-x64": {
      "version": "1.6.0",
      "resolved": "https://registry.npmjs.org/@rspack/binding-darwin-x64/-/binding-darwin-x64-1.6.0.tgz",
      "integrity": "sha512-UYz+Y1XqbHGnkUOsaZRuwiuQaQaQ5rEPSboBPlIVDtblwmB71yxo3ET0nSoUhz8L/WXqQoARiraTCxUP6bvSIg==",
      "cpu": [
        "x64"
      ],
      "dev": true,
      "license": "MIT",
      "optional": true,
      "os": [
        "darwin"
      ]
    },
    "node_modules/@rspack/binding-linux-arm64-gnu": {
      "version": "1.6.0",
      "resolved": "https://registry.npmjs.org/@rspack/binding-linux-arm64-gnu/-/binding-linux-arm64-gnu-1.6.0.tgz",
      "integrity": "sha512-Jr7aaxrtwOnh7ge7tZP+Mjpo6uNltvQisL25WcjpP+8PnPT0C9jziKDJso7KxeOINXnQ2yRn2h65+HBNb7FQig==",
      "cpu": [
        "arm64"
      ],
      "dev": true,
      "license": "MIT",
      "optional": true,
      "os": [
        "linux"
      ]
    },
    "node_modules/@rspack/binding-linux-arm64-musl": {
      "version": "1.6.0",
      "resolved": "https://registry.npmjs.org/@rspack/binding-linux-arm64-musl/-/binding-linux-arm64-musl-1.6.0.tgz",
      "integrity": "sha512-hl17reUhkjgkcLao6ZvNiSRQFGFykqUpIj1//v/XtVd/2XAZ0Kt7jv9UUeaR+2zY8piH+tgCkwgefmjmajMeFg==",
      "cpu": [
        "arm64"
      ],
      "dev": true,
      "license": "MIT",
      "optional": true,
      "os": [
        "linux"
      ]
    },
    "node_modules/@rspack/binding-linux-x64-gnu": {
      "version": "1.6.0",
      "resolved": "https://registry.npmjs.org/@rspack/binding-linux-x64-gnu/-/binding-linux-x64-gnu-1.6.0.tgz",
      "integrity": "sha512-xdlb+ToerFU/YggndCfIrZI/S/C80CP9ZFw6lhnEFSTJDAG88KptxstsoKUh8YzyPTD45CYaOjYNtUtiv0nScg==",
      "cpu": [
        "x64"
      ],
      "dev": true,
      "license": "MIT",
      "optional": true,
      "os": [
        "linux"
      ]
    },
    "node_modules/@rspack/binding-linux-x64-musl": {
      "version": "1.6.0",
      "resolved": "https://registry.npmjs.org/@rspack/binding-linux-x64-musl/-/binding-linux-x64-musl-1.6.0.tgz",
      "integrity": "sha512-IkXEW/FBPPz4EJJTLNZvA+94aLaW2HgUMYu7zCIw5YMc9JJ/UXexY1zjX/A7yidsCiZCRy/ZrB+veFJ5FkZv7w==",
      "cpu": [
        "x64"
      ],
      "dev": true,
      "license": "MIT",
      "optional": true,
      "os": [
        "linux"
      ]
    },
    "node_modules/@rspack/binding-wasm32-wasi": {
      "version": "1.6.0",
      "resolved": "https://registry.npmjs.org/@rspack/binding-wasm32-wasi/-/binding-wasm32-wasi-1.6.0.tgz",
      "integrity": "sha512-XGwX35XXnoTYVUGwDBsKNOkkk/yUsT/RF59u9BwT3QBM5eSXk767xVw/ZeiiyJf5YfI/52HDW2E4QZyvlYyv7g==",
      "cpu": [
        "wasm32"
      ],
      "dev": true,
      "license": "MIT",
      "optional": true,
      "dependencies": {
        "@napi-rs/wasm-runtime": "1.0.7"
      }
    },
    "node_modules/@rspack/binding-win32-arm64-msvc": {
      "version": "1.6.0",
      "resolved": "https://registry.npmjs.org/@rspack/binding-win32-arm64-msvc/-/binding-win32-arm64-msvc-1.6.0.tgz",
      "integrity": "sha512-HOA/U7YC6EB74CpIrT2GrvPgd+TLr0anNuOp/8omw9hH1jjsP5cjUMgWeAGmWyXWxwoS8rRJ0xhRA+UIe3cL3g==",
      "cpu": [
        "arm64"
      ],
      "dev": true,
      "license": "MIT",
      "optional": true,
      "os": [
        "win32"
      ]
    },
    "node_modules/@rspack/binding-win32-ia32-msvc": {
      "version": "1.6.0",
      "resolved": "https://registry.npmjs.org/@rspack/binding-win32-ia32-msvc/-/binding-win32-ia32-msvc-1.6.0.tgz",
      "integrity": "sha512-ThczdltBOFcq+IrTflCE+8q0GvKoISt6pTupkuGnI1/bCnqhCxPP6kx8Z06fdJUFMhvBtpZa0gDJvhh3JBZrKA==",
      "cpu": [
        "ia32"
      ],
      "dev": true,
      "license": "MIT",
      "optional": true,
      "os": [
        "win32"
      ]
    },
    "node_modules/@rspack/binding-win32-x64-msvc": {
      "version": "1.6.0",
      "resolved": "https://registry.npmjs.org/@rspack/binding-win32-x64-msvc/-/binding-win32-x64-msvc-1.6.0.tgz",
      "integrity": "sha512-Bhyvsh1m6kIpr1vqZlcdUDUTh0bheRe9SF+f6jw0kPDPbh8FfrRbshPKmRHpRZAUHt20NqgUKR2z2BaKb0IJvQ==",
      "cpu": [
        "x64"
      ],
      "dev": true,
      "license": "MIT",
      "optional": true,
      "os": [
        "win32"
      ]
    },
    "node_modules/@rspack/core": {
      "version": "1.6.0",
      "resolved": "https://registry.npmjs.org/@rspack/core/-/core-1.6.0.tgz",
      "integrity": "sha512-u2GDSToEhmgIsy0QbOPA81i9tu87J2HgSsRA3HHZfWIR8Vt8KdlAriQnG8CatDnvFSY/UQEumVf5Z1HUAQwxCg==",
      "dev": true,
      "license": "MIT",
      "dependencies": {
        "@module-federation/runtime-tools": "0.21.2",
        "@rspack/binding": "1.6.0",
        "@rspack/lite-tapable": "1.0.1"
      },
      "engines": {
        "node": ">=18.12.0"
      },
      "peerDependencies": {
        "@swc/helpers": ">=0.5.1"
      },
      "peerDependenciesMeta": {
        "@swc/helpers": {
          "optional": true
        }
      }
    },
    "node_modules/@rspack/lite-tapable": {
      "version": "1.0.1",
      "resolved": "https://registry.npmjs.org/@rspack/lite-tapable/-/lite-tapable-1.0.1.tgz",
      "integrity": "sha512-VynGOEsVw2s8TAlLf/uESfrgfrq2+rcXB1muPJYBWbsm1Oa6r5qVQhjA5ggM6z/coYPrsVMgovl3Ff7Q7OCp1w==",
      "dev": true,
      "license": "MIT",
      "engines": {
        "node": ">=16.0.0"
      }
    },
    "node_modules/@sveltejs/acorn-typescript": {
      "version": "1.0.6",
      "resolved": "https://registry.npmjs.org/@sveltejs/acorn-typescript/-/acorn-typescript-1.0.6.tgz",
      "integrity": "sha512-4awhxtMh4cx9blePWl10HRHj8Iivtqj+2QdDCSMDzxG+XKa9+VCNupQuCuvzEhYPzZSrX+0gC+0lHA/0fFKKQQ==",
      "license": "MIT",
      "peerDependencies": {
        "acorn": "^8.9.0"
      }
    },
    "node_modules/@swc/helpers": {
      "version": "0.5.17",
      "resolved": "https://registry.npmjs.org/@swc/helpers/-/helpers-0.5.17.tgz",
      "integrity": "sha512-5IKx/Y13RsYd+sauPb2x+U/xZikHjolzfuDgTAl/Tdf3Q8rslRvC19NKDLgAJQ6wsqADk10ntlv08nPFw/gO/A==",
      "dev": true,
      "license": "Apache-2.0",
      "dependencies": {
        "tslib": "^2.8.0"
      }
    },
    "node_modules/@tybys/wasm-util": {
      "version": "0.10.1",
      "resolved": "https://registry.npmjs.org/@tybys/wasm-util/-/wasm-util-0.10.1.tgz",
      "integrity": "sha512-9tTaPJLSiejZKx+Bmog4uSubteqTvFrVrURwkmHixBo0G4seD0zUxp98E1DzUBJxLQ3NPwXrGKDiVjwx/DpPsg==",
      "dev": true,
      "license": "MIT",
      "optional": true,
      "dependencies": {
        "tslib": "^2.4.0"
      }
    },
    "node_modules/@types/estree": {
      "version": "1.0.8",
      "resolved": "https://registry.npmjs.org/@types/estree/-/estree-1.0.8.tgz",
      "integrity": "sha512-dWHzHa2WqEXI/O1E9OjrocMTKJl2mSrEolh1Iomrv6U+JuNwaHXsXx9bLu5gG7BUWFIN0skIQJQ/L1rIex4X6w==",
      "license": "MIT"
    },
    "node_modules/acorn": {
      "version": "8.15.0",
      "resolved": "https://registry.npmjs.org/acorn/-/acorn-8.15.0.tgz",
      "integrity": "sha512-NZyJarBfL7nWwIq+FDL6Zp/yHEhePMNnnJ0y3qfieCrmNvYct8uvtiV41UvlSe6apAfk0fY1FbWx+NwfmpvtTg==",
      "license": "MIT",
      "bin": {
        "acorn": "bin/acorn"
      },
      "engines": {
        "node": ">=0.4.0"
      }
    },
    "node_modules/aria-query": {
      "version": "5.3.2",
      "resolved": "https://registry.npmjs.org/aria-query/-/aria-query-5.3.2.tgz",
      "integrity": "sha512-COROpnaoap1E2F000S62r6A60uHZnmlvomhfyT2DlTcrY1OrBKn2UhH7qn5wTC9zMvD0AY7csdPSNwKP+7WiQw==",
      "license": "Apache-2.0",
      "engines": {
        "node": ">= 0.4"
      }
    },
    "node_modules/axobject-query": {
      "version": "4.1.0",
      "resolved": "https://registry.npmjs.org/axobject-query/-/axobject-query-4.1.0.tgz",
      "integrity": "sha512-qIj0G9wZbMGNLjLmg1PT6v2mE9AH2zlnADJD/2tC6E00hgmhUOfEB6greHPAfLRSufHqROIUTkw6E+M3lH0PTQ==",
      "license": "Apache-2.0",
      "engines": {
        "node": ">= 0.4"
      }
    },
    "node_modules/big.js": {
      "version": "5.2.2",
      "resolved": "https://registry.npmjs.org/big.js/-/big.js-5.2.2.tgz",
      "integrity": "sha512-vyL2OymJxmarO8gxMr0mhChsO9QGwhynfuu4+MHTAW6czfq9humCB7rKpUjDd9YUiDPU4mzpyupFSvOClAwbmQ==",
      "dev": true,
      "license": "MIT",
      "engines": {
        "node": "*"
      }
    },
    "node_modules/chokidar": {
      "version": "4.0.3",
      "resolved": "https://registry.npmjs.org/chokidar/-/chokidar-4.0.3.tgz",
      "integrity": "sha512-Qgzu8kfBvo+cA4962jnP1KkS6Dop5NS6g7R5LFYJr4b8Ub94PPQXUksCw9PvXoeXPRRddRNC5C1JQUR2SMGtnA==",
      "dev": true,
      "license": "MIT",
      "dependencies": {
        "readdirp": "^4.0.1"
      },
      "engines": {
        "node": ">= 14.16.0"
      },
      "funding": {
        "url": "https://paulmillr.com/funding/"
      }
    },
    "node_modules/clsx": {
      "version": "2.1.1",
      "resolved": "https://registry.npmjs.org/clsx/-/clsx-2.1.1.tgz",
      "integrity": "sha512-eYm0QWBtUrBWZWG0d386OGAw16Z995PiOVo2B7bjWSbHedGl5e0ZWaq65kOGgUSNesEIDkB9ISbTg/JK9dhCZA==",
      "license": "MIT",
      "engines": {
        "node": ">=6"
      }
    },
    "node_modules/core-js": {
      "version": "3.46.0",
      "resolved": "https://registry.npmjs.org/core-js/-/core-js-3.46.0.tgz",
      "integrity": "sha512-vDMm9B0xnqqZ8uSBpZ8sNtRtOdmfShrvT6h2TuQGLs0Is+cR0DYbj/KWP6ALVNbWPpqA/qPLoOuppJN07humpA==",
      "dev": true,
      "hasInstallScript": true,
      "license": "MIT",
      "funding": {
        "type": "opencollective",
        "url": "https://opencollective.com/core-js"
      }
    },
    "node_modules/emojis-list": {
      "version": "3.0.0",
      "resolved": "https://registry.npmjs.org/emojis-list/-/emojis-list-3.0.0.tgz",
      "integrity": "sha512-/kyM18EfinwXZbno9FyUGeFh87KC8HRQBQGildHZbEuRyWFOmv1U10o9BBp8XVZDVNNuQKyIGIu5ZYAAXJ0V2Q==",
      "dev": true,
      "license": "MIT",
      "engines": {
        "node": ">= 4"
      }
    },
    "node_modules/esm-env": {
      "version": "1.2.2",
      "resolved": "https://registry.npmjs.org/esm-env/-/esm-env-1.2.2.tgz",
      "integrity": "sha512-Epxrv+Nr/CaL4ZcFGPJIYLWFom+YeV1DqMLHJoEd9SYRxNbaFruBwfEX/kkHUJf55j2+TUbmDcmuilbP1TmXHA==",
      "license": "MIT"
    },
    "node_modules/esrap": {
      "version": "2.1.2",
      "resolved": "https://registry.npmjs.org/esrap/-/esrap-2.1.2.tgz",
      "integrity": "sha512-DgvlIQeowRNyvLPWW4PT7Gu13WznY288Du086E751mwwbsgr29ytBiYeLzAGIo0qk3Ujob0SDk8TiSaM5WQzNg==",
      "license": "MIT",
      "dependencies": {
        "@jridgewell/sourcemap-codec": "^1.4.15"
      }
    },
    "node_modules/fdir": {
      "version": "6.5.0",
      "resolved": "https://registry.npmjs.org/fdir/-/fdir-6.5.0.tgz",
      "integrity": "sha512-tIbYtZbucOs0BRGqPJkshJUYdL+SDH7dVM8gjy+ERp3WAUjLEFJE+02kanyHtwjWOnwrKYBiwAmM0p4kLJAnXg==",
      "dev": true,
      "license": "MIT",
      "engines": {
        "node": ">=12.0.0"
      },
      "peerDependencies": {
        "picomatch": "^3 || ^4"
      },
      "peerDependenciesMeta": {
        "picomatch": {
          "optional": true
        }
      }
    },
    "node_modules/felte": {
      "version": "1.3.0",
      "resolved": "https://registry.npmjs.org/felte/-/felte-1.3.0.tgz",
      "integrity": "sha512-J09vuOC2Hw/d+ajhT4ueVEcSU0af+tlnfwF9QWVTuOWQf286pSGS48cFYhjmS7K7hUNMRUIwXwCnHWpyasadmA==",
      "license": "MIT",
      "dependencies": {
        "@felte/core": "1.4.4"
      },
      "engines": {
        "node": "^12.20.0 || ^14.13.1 || >=16.0.0"
      },
      "peerDependencies": {
        "svelte": "^3.31.0 || ^4.0.0 || ^5.0.0"
      }
    },
    "node_modules/is-reference": {
      "version": "3.0.3",
      "resolved": "https://registry.npmjs.org/is-reference/-/is-reference-3.0.3.tgz",
      "integrity": "sha512-ixkJoqQvAP88E6wLydLGGqCJsrFUnqoH6HnaczB8XmDH1oaWU+xxdptvikTgaEhtZ53Ky6YXiBuUI2WXLMCwjw==",
      "license": "MIT",
      "dependencies": {
        "@types/estree": "^1.0.6"
      }
    },
    "node_modules/jiti": {
      "version": "2.6.1",
      "resolved": "https://registry.npmjs.org/jiti/-/jiti-2.6.1.tgz",
      "integrity": "sha512-ekilCSN1jwRvIbgeg/57YFh8qQDNbwDb9xT/qu2DAHbFFZUicIl4ygVaAvzveMhMVr3LnpSKTNnwt8PoOfmKhQ==",
      "dev": true,
      "license": "MIT",
      "bin": {
        "jiti": "lib/jiti-cli.mjs"
      }
    },
    "node_modules/json5": {
      "version": "2.2.3",
      "resolved": "https://registry.npmjs.org/json5/-/json5-2.2.3.tgz",
      "integrity": "sha512-XmOWe7eyHYH14cLdVPoyg+GOH3rYX++KpzrylJwSW98t3Nk+U8XOl8FWKOgwtzdb8lXGf6zYwDUzeHMWfxasyg==",
      "dev": true,
      "license": "MIT",
      "bin": {
        "json5": "lib/cli.js"
      },
      "engines": {
        "node": ">=6"
      }
    },
    "node_modules/ky": {
      "version": "1.13.0",
      "resolved": "https://registry.npmjs.org/ky/-/ky-1.13.0.tgz",
      "integrity": "sha512-JeNNGs44hVUp2XxO3FY9WV28ymG7LgO4wju4HL/dCq1A8eKDcFgVrdCn1ssn+3Q/5OQilv5aYsL0DMt5mmAV9w==",
      "license": "MIT",
      "engines": {
        "node": ">=18"
      },
      "funding": {
        "url": "https://github.com/sindresorhus/ky?sponsor=1"
      }
    },
    "node_modules/loader-utils": {
      "version": "2.0.4",
      "resolved": "https://registry.npmjs.org/loader-utils/-/loader-utils-2.0.4.tgz",
      "integrity": "sha512-xXqpXoINfFhgua9xiqD8fPFHgkoq1mmmpE92WlDbm9rNRd/EbRb+Gqf908T2DMfuHjjJlksiK2RbHVOdD/MqSw==",
      "dev": true,
      "license": "MIT",
      "dependencies": {
        "big.js": "^5.2.2",
        "emojis-list": "^3.0.0",
        "json5": "^2.1.2"
      },
      "engines": {
        "node": ">=8.9.0"
      }
    },
    "node_modules/locate-character": {
      "version": "3.0.0",
      "resolved": "https://registry.npmjs.org/locate-character/-/locate-character-3.0.0.tgz",
      "integrity": "sha512-SW13ws7BjaeJ6p7Q6CO2nchbYEc3X3J6WrmTTDto7yMPqVSZTUyY5Tjbid+Ab8gLnATtygYtiDIJGQRRn2ZOiA==",
      "license": "MIT"
    },
    "node_modules/magic-string": {
      "version": "0.30.21",
      "resolved": "https://registry.npmjs.org/magic-string/-/magic-string-0.30.21.tgz",
      "integrity": "sha512-vd2F4YUyEXKGcLHoq+TEyCjxueSeHnFxyyjNp80yg0XV4vUhnDer/lvvlqM/arB5bXQN5K2/3oinyCRyx8T2CQ==",
      "license": "MIT",
      "dependencies": {
        "@jridgewell/sourcemap-codec": "^1.5.5"
      }
    },
    "node_modules/mri": {
      "version": "1.2.0",
      "resolved": "https://registry.npmjs.org/mri/-/mri-1.2.0.tgz",
      "integrity": "sha512-tzzskb3bG8LvYGFF/mDTpq3jpI6Q9wc3LEmBaghu+DdCssd1FakN7Bc0hVNmEyGq1bq3RgfkCb3cmQLpNPOroA==",
      "dev": true,
      "license": "MIT",
      "engines": {
        "node": ">=4"
      }
    },
    "node_modules/picocolors": {
      "version": "1.1.1",
      "resolved": "https://registry.npmjs.org/picocolors/-/picocolors-1.1.1.tgz",
      "integrity": "sha512-xceH2snhtb5M9liqDsmEw56le376mTZkEX/jEb/RxNFyegNul7eNslCXP9FDj/Lcu0X8KEyMceP2ntpaHrDEVA==",
      "dev": true,
      "license": "ISC"
    },
    "node_modules/readdirp": {
      "version": "4.1.2",
      "resolved": "https://registry.npmjs.org/readdirp/-/readdirp-4.1.2.tgz",
      "integrity": "sha512-GDhwkLfywWL2s6vEjyhri+eXmfH6j1L7JE27WhqLeYzoh/A3DBaYGEj2H/HFZCn/kMfim73FXxEJTw06WtxQwg==",
      "dev": true,
      "license": "MIT",
      "engines": {
        "node": ">= 14.18.0"
      },
      "funding": {
        "type": "individual",
        "url": "https://paulmillr.com/funding/"
      }
    },
    "node_modules/sade": {
      "version": "1.8.1",
      "resolved": "https://registry.npmjs.org/sade/-/sade-1.8.1.tgz",
      "integrity": "sha512-xal3CZX1Xlo/k4ApwCFrHVACi9fBqJ7V+mwhBsuf/1IOKbBy098Fex+Wa/5QMubw09pSZ/u8EY8PWgevJsXp1A==",
      "dev": true,
      "license": "MIT",
      "dependencies": {
        "mri": "^1.1.0"
      },
      "engines": {
        "node": ">=6"
      }
    },
    "node_modules/svelte": {
      "version": "5.43.2",
      "resolved": "https://registry.npmjs.org/svelte/-/svelte-5.43.2.tgz",
      "integrity": "sha512-ro1umEzX8rT5JpCmlf0PPv7ncD8MdVob9e18bhwqTKNoLjS8kDvhVpaoYVPc+qMwDAOfcwJtyY7ZFSDbOaNPgA==",
      "license": "MIT",
      "dependencies": {
        "@jridgewell/remapping": "^2.3.4",
        "@jridgewell/sourcemap-codec": "^1.5.0",
        "@sveltejs/acorn-typescript": "^1.0.5",
        "@types/estree": "^1.0.5",
        "acorn": "^8.12.1",
        "aria-query": "^5.3.1",
        "axobject-query": "^4.1.0",
        "clsx": "^2.1.1",
        "esm-env": "^1.2.1",
        "esrap": "^2.1.0",
        "is-reference": "^3.0.3",
        "locate-character": "^3.0.0",
        "magic-string": "^0.30.11",
        "zimmerframe": "^1.1.2"
      },
      "engines": {
        "node": ">=18"
      }
    },
    "node_modules/svelte-check": {
      "version": "4.3.3",
      "resolved": "https://registry.npmjs.org/svelte-check/-/svelte-check-4.3.3.tgz",
      "integrity": "sha512-RYP0bEwenDXzfv0P1sKAwjZSlaRyqBn0Fz1TVni58lqyEiqgwztTpmodJrGzP6ZT2aHl4MbTvWP6gbmQ3FOnBg==",
      "dev": true,
      "license": "MIT",
      "dependencies": {
        "@jridgewell/trace-mapping": "^0.3.25",
        "chokidar": "^4.0.1",
        "fdir": "^6.2.0",
        "picocolors": "^1.0.0",
        "sade": "^1.7.4"
      },
      "bin": {
        "svelte-check": "bin/svelte-check"
      },
      "engines": {
        "node": ">= 18.0.0"
      },
      "peerDependencies": {
        "svelte": "^4.0.0 || ^5.0.0-next.0",
        "typescript": ">=5.0.0"
      }
    },
    "node_modules/svelte-dev-helper": {
      "version": "1.1.9",
      "resolved": "https://registry.npmjs.org/svelte-dev-helper/-/svelte-dev-helper-1.1.9.tgz",
      "integrity": "sha512-oU+Xv7Dl4kRU2kdFjsoPLfJfnt5hUhsFUZtuzI3Ku/f2iAFZqBoEuXOqK3N9ngD4dxQOmN4OKWPHVi3NeAeAfQ==",
      "dev": true,
      "license": "MIT"
    },
    "node_modules/svelte-hmr": {
      "version": "0.14.12",
      "resolved": "https://registry.npmjs.org/svelte-hmr/-/svelte-hmr-0.14.12.tgz",
      "integrity": "sha512-4QSW/VvXuqVcFZ+RhxiR8/newmwOCTlbYIezvkeN6302YFRE8cXy0naamHcjz8Y9Ce3ITTZtrHrIL0AGfyo61w==",
      "dev": true,
      "license": "ISC",
      "engines": {
        "node": "^12.20 || ^14.13.1 || >= 16"
      },
      "peerDependencies": {
        "svelte": ">=3.19.0"
      }
    },
    "node_modules/svelte-loader": {
      "version": "3.2.4",
      "resolved": "https://registry.npmjs.org/svelte-loader/-/svelte-loader-3.2.4.tgz",
      "integrity": "sha512-e0HdDnkYH/MDx4/IfTSka5AOFg9yYJcPuoZJB5x0l60fkHjVjNvrrxr+rJegDG9J7ZymmdHt00/hdLw+QF299w==",
      "dev": true,
      "license": "MIT",
      "dependencies": {
        "loader-utils": "^2.0.4",
        "svelte-dev-helper": "^1.1.9",
        "svelte-hmr": "^0.14.2"
      },
      "peerDependencies": {
        "svelte": "^3.0.0 || ^4.0.0-next.0 || ^5.0.0-next.1"
      }
    },
    "node_modules/svelte-preprocess": {
      "version": "6.0.3",
      "resolved": "https://registry.npmjs.org/svelte-preprocess/-/svelte-preprocess-6.0.3.tgz",
      "integrity": "sha512-PLG2k05qHdhmRG7zR/dyo5qKvakhm8IJ+hD2eFRQmMLHp7X3eJnjeupUtvuRpbNiF31RjVw45W+abDwHEmP5OA==",
      "dev": true,
      "hasInstallScript": true,
      "license": "MIT",
      "engines": {
        "node": ">= 18.0.0"
      },
      "peerDependencies": {
        "@babel/core": "^7.10.2",
        "coffeescript": "^2.5.1",
        "less": "^3.11.3 || ^4.0.0",
        "postcss": "^7 || ^8",
        "postcss-load-config": ">=3",
        "pug": "^3.0.0",
        "sass": "^1.26.8",
        "stylus": ">=0.55",
        "sugarss": "^2.0.0 || ^3.0.0 || ^4.0.0",
        "svelte": "^4.0.0 || ^5.0.0-next.100 || ^5.0.0",
        "typescript": "^5.0.0"
      },
      "peerDependenciesMeta": {
        "@babel/core": {
          "optional": true
        },
        "coffeescript": {
          "optional": true
        },
        "less": {
          "optional": true
        },
        "postcss": {
          "optional": true
        },
        "postcss-load-config": {
          "optional": true
        },
        "pug": {
          "optional": true
        },
        "sass": {
          "optional": true
        },
        "stylus": {
          "optional": true
        },
        "sugarss": {
          "optional": true
        },
        "typescript": {
          "optional": true
        }
      }
    },
    "node_modules/tslib": {
      "version": "2.8.1",
      "resolved": "https://registry.npmjs.org/tslib/-/tslib-2.8.1.tgz",
      "integrity": "sha512-oJFu94HQb+KVduSUQL7wnpmqnfmLsOA/nAh6b6EH0wCEoK0/mPeXU6c3wKDV83MkOuHPRHtSXKKU99IBazS/2w==",
      "dev": true,
      "license": "0BSD"
    },
    "node_modules/typescript": {
      "version": "5.9.3",
      "resolved": "https://registry.npmjs.org/typescript/-/typescript-5.9.3.tgz",
      "integrity": "sha512-jl1vZzPDinLr9eUt3J/t7V6FgNEw9QjvBPdysz9KfQDD41fQrC2Y4vKQdiaUpFT4bXlb1RHhLpp8wtm6M5TgSw==",
      "dev": true,
      "license": "Apache-2.0",
      "bin": {
        "tsc": "bin/tsc",
        "tsserver": "bin/tsserver"
      },
      "engines": {
        "node": ">=14.17"
      }
    },
    "node_modules/zimmerframe": {
      "version": "1.1.4",
      "resolved": "https://registry.npmjs.org/zimmerframe/-/zimmerframe-1.1.4.tgz",
      "integrity": "sha512-B58NGBEoc8Y9MWWCQGl/gq9xBCe4IiKM0a2x7GZdQKOW5Exr8S1W24J6OgM1njK8xCRGvAJIL/MxXHf6SkmQKQ==",
      "license": "MIT"
    }
  }
}
